
Microsoft Visual Studio Solution File, Format Version 12.00
Project("{FAE04EC0-301F-11D3-BF4B-00C04F79EFBC}") = "Boucles", "Boucles.csproj", "{3257EF5F-6FF7-4624-AA25-BDA00282010D}"
EndProject
Global
	GlobalSection(SolutionConfigurationPlatforms) = preSolution
		Debug|Any CPU = Debug|Any CPU
		Release|Any CPU = Release|Any CPU
	EndGlobalSection
	GlobalSection(ProjectConfigurationPlatforms) = postSolution
		{3257EF5F-6FF7-4624-AA25-BDA00282010D}.Debug|Any CPU.ActiveCfg = Debug|Any CPU
		{3257EF5F-6FF7-4624-AA25-BDA00282010D}.Debug|Any CPU.Build.0 = Debug|Any CPU
		{3257EF5F-6FF7-4624-AA25-BDA00282010D}.Release|Any CPU.ActiveCfg = Release|Any CPU
		{3257EF5F-6FF7-4624-AA25-BDA00282010D}.Release|Any CPU.Build.0 = Release|Any CPU
	EndGlobalSection
EndGlobal
